Microsoft Visual Studio Solution File, Format Version 11.00
# Visual Studio 2008

Project("{CCE32387-AC4F-E2FC-B0D9-D7C06F3A6F1A}") = "18 Wheels of Liberty", "Assembly-CSharp.csproj", "{BCA05E82-9D1D-EFDE-0D45-973CDDCCA6E3}"
EndProject
Global
	GlobalSection(SolutionConfigurationPlatforms) = preSolution
		Debug|Any CPU = Debug|Any CPU
		Release|Any CPU = Release|Any CPU
	EndGlobalSection
	GlobalSection(ProjectConfigurationPlatforms) = postSolution
		{BCA05E82-9D1D-EFDE-0D45-973CDDCCA6E3}.Debug|Any CPU.ActiveCfg = Debug|Any CPU
		{BCA05E82-9D1D-EFDE-0D45-973CDDCCA6E3}.Debug|Any CPU.Build.0 = Debug|Any CPU
		{BCA05E82-9D1D-EFDE-0D45-973CDDCCA6E3}.Release|Any CPU.ActiveCfg = Release|Any CPU
		{BCA05E82-9D1D-EFDE-0D45-973CDDCCA6E3}.Release|Any CPU.Build.0 = Release|Any CPU
	EndGlobalSection
	GlobalSection(SolutionProperties) = preSolution
		HideSolutionNode = FALSE
	EndGlobalSection
	GlobalSection(MonoDevelopProperties) = preSolution
		StartupItem = Assembly-CSharp.csproj
	EndGlobalSection
EndGlobal
